
Microsoft Visual Studio Solution File, Format Version 12.00
# Visual Studio Version 16
VisualStudioVersion = 16.0.31112.23
MinimumVisualStudioVersion = 10.0.40219.1
Project("{FAE04EC0-301F-11D3-BF4B-00C04F79EFBC}") = "SemProject-HMS", "SemProject-HMS\SemProject-HMS.csproj", "{005E7391-48AD-4769-9451-4B817A2D8986}"
EndProject
Global
	GlobalSection(SolutionConfigurationPlatforms) = preSolution
		Debug|Any CPU = Debug|Any CPU
		Release|Any CPU = Release|Any CPU
	EndGlobalSection
	GlobalSection(ProjectConfigurationPlatforms) = postSolution
		{005E7391-48AD-4769-9451-4B817A2D8986}.Debug|Any CPU.ActiveCfg = Debug|Any CPU
		{005E7391-48AD-4769-9451-4B817A2D8986}.Debug|Any CPU.Build.0 = Debug|Any CPU
		{005E7391-48AD-4769-9451-4B817A2D8986}.Release|Any CPU.ActiveCfg = Release|Any CPU
		{005E7391-48AD-4769-9451-4B817A2D8986}.Release|Any CPU.Build.0 = Release|Any CPU
	EndGlobalSection
	GlobalSection(SolutionProperties) = preSolution
		HideSolutionNode = FALSE
	EndGlobalSection
	GlobalSection(ExtensibilityGlobals) = postSolution
		SolutionGuid = {EA5ACAD4-FB6B-41BD-8441-88F78F722848}
	EndGlobalSection
EndGlobal
